
Microsoft Visual Studio Solution File, Format Version 12.00
# Visual Studio Version 17
VisualStudioVersion = 17.0.31912.275
MinimumVisualStudioVersion = 10.0.40219.1
Project("{FAE04EC0-301F-11D3-BF4B-00C04F79EFBC}") = "zwadconv-CSharp", "zwadconv-CSharp\zwadconv-CSharp.csproj", "{A52B35A8-F7DC-4C80-88A0-9B6EB14B8DE5}"
EndProject
Global
	GlobalSection(SolutionConfigurationPlatforms) = preSolution
		Debug|Any CPU = Debug|Any CPU
		Release|Any CPU = Release|Any CPU
	EndGlobalSection
	GlobalSection(ProjectConfigurationPlatforms) = postSolution
		{A52B35A8-F7DC-4C80-88A0-9B6EB14B8DE5}.Debug|Any CPU.ActiveCfg = Debug|Any CPU
		{A52B35A8-F7DC-4C80-88A0-9B6EB14B8DE5}.Debug|Any CPU.Build.0 = Debug|Any CPU
		{A52B35A8-F7DC-4C80-88A0-9B6EB14B8DE5}.Release|Any CPU.ActiveCfg = Release|Any CPU
		{A52B35A8-F7DC-4C80-88A0-9B6EB14B8DE5}.Release|Any CPU.Build.0 = Release|Any CPU
	EndGlobalSection
	GlobalSection(SolutionProperties) = preSolution
		HideSolutionNode = FALSE
	EndGlobalSection
	GlobalSection(ExtensibilityGlobals) = postSolution
		SolutionGuid = {49D21184-992A-46FF-A780-D0E35BFE7FA7}
	EndGlobalSection
EndGlobal
